
Microsoft Visual Studio Solution File, Format Version 12.00
# Visual Studio Version 16
VisualStudioVersion = 16.0.29613.14
MinimumVisualStudioVersion = 10.0.40219.1
Project("{FAE04EC0-301F-11D3-BF4B-00C04F79EFBC}") = "Collection with two means of one word", "Collection with two means of one word\Collection with two means of one word.csproj", "{B9163F2A-699B-408A-81E3-9C9BB7D00C98}"
EndProject
Global
	GlobalSection(SolutionConfigurationPlatforms) = preSolution
		Debug|Any CPU = Debug|Any CPU
		Release|Any CPU = Release|Any CPU
	EndGlobalSection
	GlobalSection(ProjectConfigurationPlatforms) = postSolution
		{B9163F2A-699B-408A-81E3-9C9BB7D00C98}.Debug|Any CPU.ActiveCfg = Debug|Any CPU
		{B9163F2A-699B-408A-81E3-9C9BB7D00C98}.Debug|Any CPU.Build.0 = Debug|Any CPU
		{B9163F2A-699B-408A-81E3-9C9BB7D00C98}.Release|Any CPU.ActiveCfg = Release|Any CPU
		{B9163F2A-699B-408A-81E3-9C9BB7D00C98}.Release|Any CPU.Build.0 = Release|Any CPU
	EndGlobalSection
	GlobalSection(SolutionProperties) = preSolution
		HideSolutionNode = FALSE
	EndGlobalSection
	GlobalSection(ExtensibilityGlobals) = postSolution
		SolutionGuid = {D5FBB824-0F15-4D0C-8AD4-E963AA9AED62}
	EndGlobalSection
EndGlobal
